
Microsoft Visual Studio Solution File, Format Version 12.00
# Visual Studio Version 17
VisualStudioVersion = 17.5.33424.131
MinimumVisualStudioVersion = 10.0.40219.1
Project("{8BC9CEB8-8B4A-11D0-8D11-00A0C91BC942}") = "problem multi waris", "paradigmaOOP2_073\paradigmaOOP2_073.vcxproj", "{E79D8795-439D-45F6-A421-8C979ADF4ABD}"
EndProject
Project("{8BC9CEB8-8B4A-11D0-8D11-00A0C91BC942}") = "solve multiwaris", "solve multiwaris\solve multiwaris.vcxproj", "{C76D5AD4-8704-4926-8B0D-5A71FDF5B46E}"
EndProject
Project("{8BC9CEB8-8B4A-11D0-8D11-00A0C91BC942}") = "polymorphism", "polymorphism\polymorphism.vcxproj", "{96105883-E661-4AFE-89DE-2B4D42BCDC2A}"
EndProject
Project("{8BC9CEB8-8B4A-11D0-8D11-00A0C91BC942}") = "program noOverriding", "program noOverriding\program noOverriding.vcxproj", "{B02121E7-33DD-471F-9155-B0D138F3E0BA}"
EndProject
Project("{8BC9CEB8-8B4A-11D0-8D11-00A0C91BC942}") = "program nopewaris", "program nopewaris\program nopewaris.vcxproj", "{E715CF68-B9B9-40FE-8088-2DC572E9862F}"
EndProject
Project("{8BC9CEB8-8B4A-11D0-8D11-00A0C91BC942}") = "program enkapsulasi", "program enkapsulasi\program enkapsulasi.vcxproj", "{802DC04E-9D62-4223-B3B7-35DA9D28AE99}"
EndProject
Project("{8BC9CEB8-8B4A-11D0-8D11-00A0C91BC942}") = "program abstraksi", "program abstraksi\program abstraksi.vcxproj", "{8F24B116-5EBF-4F6F-91E6-1D52A74ADDB4}"
EndProject
Project("{8BC9CEB8-8B4A-11D0-8D11-00A0C91BC942}") = "program multiwaris", "program multiwaris\program multiwaris.vcxproj", "{1A6A8996-1ECE-4B06-8254-247BA7CFCAC9}"
EndProject
Global
	GlobalSection(SolutionConfigurationPlatforms) = preSolution
		Debug|x64 = Debug|x64
		Debug|x86 = Debug|x86
		Release|x64 = Release|x64
		Release|x86 = Release|x86
	EndGlobalSection
	GlobalSection(ProjectConfigurationPlatforms) = postSolution
		{E79D8795-439D-45F6-A421-8C979ADF4ABD}.Debug|x64.ActiveCfg = Debug|x64
		{E79D8795-439D-45F6-A421-8C979ADF4ABD}.Debug|x64.Build.0 = Debug|x64
		{E79D8795-439D-45F6-A421-8C979ADF4ABD}.Debug|x86.ActiveCfg = Debug|Win32
		{E79D8795-439D-45F6-A421-8C979ADF4ABD}.Debug|x86.Build.0 = Debug|Win32
		{E79D8795-439D-45F6-A421-8C979ADF4ABD}.Release|x64.ActiveCfg = Release|x64
		{E79D8795-439D-45F6-A421-8C979ADF4ABD}.Release|x64.Build.0 = Release|x64
		{E79D8795-439D-45F6-A421-8C979ADF4ABD}.Release|x86.ActiveCfg = Release|Win32
		{E79D8795-439D-45F6-A421-8C979ADF4ABD}.Release|x86.Build.0 = Release|Win32
		{C76D5AD4-8704-4926-8B0D-5A71FDF5B46E}.Debug|x64.ActiveCfg = Debug|x64
		{C76D5AD4-8704-4926-8B0D-5A71FDF5B46E}.Debug|x64.Build.0 = Debug|x64
		{C76D5AD4-8704-4926-8B0D-5A71FDF5B46E}.Debug|x86.ActiveCfg = Debug|Win32
		{C76D5AD4-8704-4926-8B0D-5A71FDF5B46E}.Debug|x86.Build.0 = Debug|Win32
		{C76D5AD4-8704-4926-8B0D-5A71FDF5B46E}.Release|x64.ActiveCfg = Release|x64
		{C76D5AD4-8704-4926-8B0D-5A71FDF5B46E}.Release|x64.Build.0 = Release|x64
		{C76D5AD4-8704-4926-8B0D-5A71FDF5B46E}.Release|x86.ActiveCfg = Release|Win32
		{C76D5AD4-8704-4926-8B0D-5A71FDF5B46E}.Release|x86.Build.0 = Release|Win32
		{96105883-E661-4AFE-89DE-2B4D42BCDC2A}.Debug|x64.ActiveCfg = Debug|x64
		{96105883-E661-4AFE-89DE-2B4D42BCDC2A}.Debug|x64.Build.0 = Debug|x64
		{96105883-E661-4AFE-89DE-2B4D42BCDC2A}.Debug|x86.ActiveCfg = Debug|Win32
		{96105883-E661-4AFE-89DE-2B4D42BCDC2A}.Debug|x86.Build.0 = Debug|Win32
		{96105883-E661-4AFE-89DE-2B4D42BCDC2A}.Release|x64.ActiveCfg = Release|x64
		{96105883-E661-4AFE-89DE-2B4D42BCDC2A}.Release|x64.Build.0 = Release|x64
		{96105883-E661-4AFE-89DE-2B4D42BCDC2A}.Release|x86.ActiveCfg = Release|Win32
		{96105883-E661-4AFE-89DE-2B4D42BCDC2A}.Release|x86.Build.0 = Release|Win32
		{B02121E7-33DD-471F-9155-B0D138F3E0BA}.Debug|x64.ActiveCfg = Debug|x64
		{B02121E7-33DD-471F-9155-B0D138F3E0BA}.Debug|x64.Build.0 = Debug|x64
		{B02121E7-33DD-471F-9155-B0D138F3E0BA}.Debug|x86.ActiveCfg = Debug|Win32
		{B02121E7-33DD-471F-9155-B0D138F3E0BA}.Debug|x86.Build.0 = Debug|Win32
		{B02121E7-33DD-471F-9155-B0D138F3E0BA}.Release|x64.ActiveCfg = Release|x64
		{B02121E7-33DD-471F-9155-B0D138F3E0BA}.Release|x64.Build.0 = Release|x64
		{B02121E7-33DD-471F-9155-B0D138F3E0BA}.Release|x86.ActiveCfg = Release|Win32
		{B02121E7-33DD-471F-9155-B0D138F3E0BA}.Release|x86.Build.0 = Release|Win32
		{E715CF68-B9B9-40FE-8088-2DC572E9862F}.Debug|x64.ActiveCfg = Debug|x64
		{E715CF68-B9B9-40FE-8088-2DC572E9862F}.Debug|x64.Build.0 = Debug|x64
		{E715CF68-B9B9-40FE-8088-2DC572E9862F}.Debug|x86.ActiveCfg = Debug|Win32
		{E715CF68-B9B9-40FE-8088-2DC572E9862F}.Debug|x86.Build.0 = Debug|Win32
		{E715CF68-B9B9-40FE-8088-2DC572E9862F}.Release|x64.ActiveCfg = Release|x64
		{E715CF68-B9B9-40FE-8088-2DC572E9862F}.Release|x64.Build.0 = Release|x64
		{E715CF68-B9B9-40FE-8088-2DC572E9862F}.Release|x86.ActiveCfg = Release|Win32
		{E715CF68-B9B9-40FE-8088-2DC572E9862F}.Release|x86.Build.0 = Release|Win32
		{802DC04E-9D62-4223-B3B7-35DA9D28AE99}.Debug|x64.ActiveCfg = Debug|x64
		{802DC04E-9D62-4223-B3B7-35DA9D28AE99}.Debug|x64.Build.0 = Debug|x64
		{802DC04E-9D62-4223-B3B7-35DA9D28AE99}.Debug|x86.ActiveCfg = Debug|Win32
		{802DC04E-9D62-4223-B3B7-35DA9D28AE99}.Debug|x86.Build.0 = Debug|Win32
		{802DC04E-9D62-4223-B3B7-35DA9D28AE99}.Release|x64.ActiveCfg = Release|x64
		{802DC04E-9D62-4223-B3B7-35DA9D28AE99}.Release|x64.Build.0 = Release|x64
		{802DC04E-9D62-4223-B3B7-35DA9D28AE99}.Release|x86.ActiveCfg = Release|Win32
		{802DC04E-9D62-4223-B3B7-35DA9D28AE99}.Release|x86.Build.0 = Release|Win32
		{8F24B116-5EBF-4F6F-91E6-1D52A74ADDB4}.Debug|x64.ActiveCfg = Debug|x64
		{8F24B116-5EBF-4F6F-91E6-1D52A74ADDB4}.Debug|x64.Build.0 = Debug|x64
		{8F24B116-5EBF-4F6F-91E6-1D52A74ADDB4}.Debug|x86.ActiveCfg = Debug|Win32
		{8F24B116-5EBF-4F6F-91E6-1D52A74ADDB4}.Debug|x86.Build.0 = Debug|Win32
		{8F24B116-5EBF-4F6F-91E6-1D52A74ADDB4}.Release|x64.ActiveCfg = Release|x64
		{8F24B116-5EBF-4F6F-91E6-1D52A74ADDB4}.Release|x64.Build.0 = Release|x64
		{8F24B116-5EBF-4F6F-91E6-1D52A74ADDB4}.Release|x86.ActiveCfg = Release|Win32
		{8F24B116-5EBF-4F6F-91E6-1D52A74ADDB4}.Release|x86.Build.0 = Release|Win32
		{1A6A8996-1ECE-4B06-8254-247BA7CFCAC9}.Debug|x64.ActiveCfg = Debug|x64
		{1A6A8996-1ECE-4B06-8254-247BA7CFCAC9}.Debug|x64.Build.0 = Debug|x64
		{1A6A8996-1ECE-4B06-8254-247BA7CFCAC9}.Debug|x86.ActiveCfg = Debug|Win32
		{1A6A8996-1ECE-4B06-8254-247BA7CFCAC9}.Debug|x86.Build.0 = Debug|Win32
		{1A6A8996-1ECE-4B06-8254-247BA7CFCAC9}.Release|x64.ActiveCfg = Release|x64
		{1A6A8996-1ECE-4B06-8254-247BA7CFCAC9}.Release|x64.Build.0 = Release|x64
		{1A6A8996-1ECE-4B06-8254-247BA7CFCAC9}.Release|x86.ActiveCfg = Release|Win32
		{1A6A8996-1ECE-4B06-8254-247BA7CFCAC9}.Release|x86.Build.0 = Release|Win32
	EndGlobalSection
	GlobalSection(SolutionProperties) = preSolution
		HideSolutionNode = FALSE
	EndGlobalSection
	GlobalSection(ExtensibilityGlobals) = postSolution
		SolutionGuid = {3FFBE624-D83B-44F6-B962-F999952A0934}
	EndGlobalSection
EndGlobal
