
Microsoft Visual Studio Solution File, Format Version 12.00
# Visual Studio Version 17
VisualStudioVersion = 17.5.33424.131
MinimumVisualStudioVersion = 10.0.40219.1
Project("{8BC9CEB8-8B4A-11D0-8D11-00A0C91BC942}") = "problem multi waris", "paradigmaOOP2_073\paradigmaOOP2_073.vcxproj", "{E79D8795-439D-45F6-A421-8C979ADF4ABD}"
EndProject
Project("{8BC9CEB8-8B4A-11D0-8D11-00A0C91BC942}") = "solve multiwaris", "solve multiwaris\solve multiwaris.vcxproj", "{C76D5AD4-8704-4926-8B0D-5A71FDF5B46E}"
EndProject
Global
	GlobalSection(SolutionConfigurationPlatforms) = preSolution
		Debug|x64 = Debug|x64
		Debug|x86 = Debug|x86
		Release|x64 = Release|x64
		Release|x86 = Release|x86
	EndGlobalSection
	GlobalSection(ProjectConfigurationPlatforms) = postSolution
		{E79D8795-439D-45F6-A421-8C979ADF4ABD}.Debug|x64.ActiveCfg = Debug|x64
		{E79D8795-439D-45F6-A421-8C979ADF4ABD}.Debug|x64.Build.0 = Debug|x64
		{E79D8795-439D-45F6-A421-8C979ADF4ABD}.Debug|x86.ActiveCfg = Debug|Win32
		{E79D8795-439D-45F6-A421-8C979ADF4ABD}.Debug|x86.Build.0 = Debug|Win32
		{E79D8795-439D-45F6-A421-8C979ADF4ABD}.Release|x64.ActiveCfg = Release|x64
		{E79D8795-439D-45F6-A421-8C979ADF4ABD}.Release|x64.Build.0 = Release|x64
		{E79D8795-439D-45F6-A421-8C979ADF4ABD}.Release|x86.ActiveCfg = Release|Win32
		{E79D8795-439D-45F6-A421-8C979ADF4ABD}.Release|x86.Build.0 = Release|Win32
		{C76D5AD4-8704-4926-8B0D-5A71FDF5B46E}.Debug|x64.ActiveCfg = Debug|x64
		{C76D5AD4-8704-4926-8B0D-5A71FDF5B46E}.Debug|x64.Build.0 = Debug|x64
		{C76D5AD4-8704-4926-8B0D-5A71FDF5B46E}.Debug|x86.ActiveCfg = Debug|Win32
		{C76D5AD4-8704-4926-8B0D-5A71FDF5B46E}.Debug|x86.Build.0 = Debug|Win32
		{C76D5AD4-8704-4926-8B0D-5A71FDF5B46E}.Release|x64.ActiveCfg = Release|x64
		{C76D5AD4-8704-4926-8B0D-5A71FDF5B46E}.Release|x64.Build.0 = Release|x64
		{C76D5AD4-8704-4926-8B0D-5A71FDF5B46E}.Release|x86.ActiveCfg = Release|Win32
		{C76D5AD4-8704-4926-8B0D-5A71FDF5B46E}.Release|x86.Build.0 = Release|Win32
	EndGlobalSection
	GlobalSection(SolutionProperties) = preSolution
		HideSolutionNode = FALSE
	EndGlobalSection
	GlobalSection(ExtensibilityGlobals) = postSolution
		SolutionGuid = {3FFBE624-D83B-44F6-B962-F999952A0934}
	EndGlobalSection
EndGlobal
